{
  "name": "kubos-file-client",
  "version": "0.2.0",
  "lockfileVersion": 2,
  "requires": true,
  "packages": {
    "": {
      "name": "kubos-file-client",
      "version": "0.2.0",
      "license": "ISC",
      "dependencies": {
        "blake2": "^4.1.1",
        "cbor": "^8.1.0"
      }
    },
    "node_modules/blake2": {
      "version": "4.1.1",
      "resolved": "https://registry.npmjs.org/blake2/-/blake2-4.1.1.tgz",
      "integrity": "sha512-HUmkY0MUDUVgejJVNrpNKAva8C4IWD/Rd862sdexoSibu86b6iu0gO0/RjovO2lM5+w6JqjIEmkuAgGhfHlnJw==",
      "hasInstallScript": true,
      "dependencies": {
        "nan": "^2.15.0"
      },
      "engines": {
        "node": ">= 8.0.0"
      }
    },
    "node_modules/cbor": {
      "version": "8.1.0",
      "resolved": "https://registry.npmjs.org/cbor/-/cbor-8.1.0.tgz",
      "integrity": "sha512-DwGjNW9omn6EwP70aXsn7FQJx5kO12tX0bZkaTjzdVFM6/7nhA4t0EENocKGx6D2Bch9PE2KzCUf5SceBdeijg==",
      "dependencies": {
        "nofilter": "^3.1.0"
      },
      "engines": {
        "node": ">=12.19"
      }
    },
    "node_modules/nan": {
      "version": "2.17.0",
      "resolved": "https://registry.npmjs.org/nan/-/nan-2.17.0.tgz",
      "integrity": "sha512-2ZTgtl0nJsO0KQCjEpxcIr5D+Yv90plTitZt9JBfQvVJDS5seMl3FOvsh3+9CoYWXf/1l5OaZzzF6nDm4cagaQ=="
    },
    "node_modules/nofilter": {
      "version": "3.1.0",
      "resolved": "https://registry.npmjs.org/nofilter/-/nofilter-3.1.0.tgz",
      "integrity": "sha512-l2NNj07e9afPnhAhvgVrCD/oy2Ai1yfLpuo3EpiO1jFTsB4sFz6oIfAfSZyQzVpkZQ9xS8ZS5g1jCBgq4Hwo0g==",
      "engines": {
        "node": ">=12.19"
      }
    }
  },
  "dependencies": {
    "blake2": {
      "version": "4.1.1",
      "resolved": "https://registry.npmjs.org/blake2/-/blake2-4.1.1.tgz",
      "integrity": "sha512-HUmkY0MUDUVgejJVNrpNKAva8C4IWD/Rd862sdexoSibu86b6iu0gO0/RjovO2lM5+w6JqjIEmkuAgGhfHlnJw==",
      "requires": {
        "nan": "^2.15.0"
      }
    },
    "cbor": {
      "version": "8.1.0",
      "resolved": "https://registry.npmjs.org/cbor/-/cbor-8.1.0.tgz",
      "integrity": "sha512-DwGjNW9omn6EwP70aXsn7FQJx5kO12tX0bZkaTjzdVFM6/7nhA4t0EENocKGx6D2Bch9PE2KzCUf5SceBdeijg==",
      "requires": {
        "nofilter": "^3.1.0"
      }
    },
    "nan": {
      "version": "2.17.0",
      "resolved": "https://registry.npmjs.org/nan/-/nan-2.17.0.tgz",
      "integrity": "sha512-2ZTgtl0nJsO0KQCjEpxcIr5D+Yv90plTitZt9JBfQvVJDS5seMl3FOvsh3+9CoYWXf/1l5OaZzzF6nDm4cagaQ=="
    },
    "nofilter": {
      "version": "3.1.0",
      "resolved": "https://registry.npmjs.org/nofilter/-/nofilter-3.1.0.tgz",
      "integrity": "sha512-l2NNj07e9afPnhAhvgVrCD/oy2Ai1yfLpuo3EpiO1jFTsB4sFz6oIfAfSZyQzVpkZQ9xS8ZS5g1jCBgq4Hwo0g=="
    }
  }
}
